
Microsoft Visual Studio Solution File, Format Version 12.00
# Visual Studio 2012
Project("{FAE04EC0-301F-11D3-BF4B-00C04F79EFBC}") = "KickMyAPI", "KickMyAPI.csproj", "{BA877C5E-6AF8-408C-AF73-8A10BC43F5A6}"
EndProject
Project("{FAE04EC0-301F-11D3-BF4B-00C04F79EFBC}") = "UnitTest", "UnitTest\UnitTest.csproj", "{C1FEF502-30DB-4351-91DC-458B58C48CF3}"
EndProject
Project("{2150E333-8FDC-42A3-9474-1A3956D46DE8}") = ".nuget", ".nuget", "{ECB4F936-DC9C-4682-BA44-432D2CD2F4D6}"
	ProjectSection(SolutionItems) = preProject
		.nuget\NuGet.Config = .nuget\NuGet.Config
		.nuget\NuGet.exe = .nuget\NuGet.exe
		.nuget\NuGet.targets = .nuget\NuGet.targets
	EndProjectSection
EndProject
Global
	GlobalSection(SolutionConfigurationPlatforms) = preSolution
		Debug|Any CPU = Debug|Any CPU
		Release|Any CPU = Release|Any CPU
	EndGlobalSection
	GlobalSection(ProjectConfigurationPlatforms) = postSolution
		{BA877C5E-6AF8-408C-AF73-8A10BC43F5A6}.Debug|Any CPU.ActiveCfg = Debug|Any CPU
		{BA877C5E-6AF8-408C-AF73-8A10BC43F5A6}.Debug|Any CPU.Build.0 = Debug|Any CPU
		{BA877C5E-6AF8-408C-AF73-8A10BC43F5A6}.Release|Any CPU.ActiveCfg = Release|Any CPU
		{BA877C5E-6AF8-408C-AF73-8A10BC43F5A6}.Release|Any CPU.Build.0 = Release|Any CPU
		{C1FEF502-30DB-4351-91DC-458B58C48CF3}.Debug|Any CPU.ActiveCfg = Debug|Any CPU
		{C1FEF502-30DB-4351-91DC-458B58C48CF3}.Debug|Any CPU.Build.0 = Debug|Any CPU
		{C1FEF502-30DB-4351-91DC-458B58C48CF3}.Release|Any CPU.ActiveCfg = Release|Any CPU
		{C1FEF502-30DB-4351-91DC-458B58C48CF3}.Release|Any CPU.Build.0 = Release|Any CPU
	EndGlobalSection
	GlobalSection(SolutionProperties) = preSolution
		HideSolutionNode = FALSE
	EndGlobalSection
EndGlobal
